
Microsoft Visual Studio Solution File, Format Version 12.00
# Visual Studio 15
VisualStudioVersion = 15.0.27428.2027
MinimumVisualStudioVersion = 10.0.40219.1
Project("{9A19103F-16F7-4668-BE54-9A1E7A4F7556}") = "Domain.Core", "Domain.Core\Domain.Core.csproj", "{FEA6D5F2-35F1-493E-964F-7A6142C7CE0A}"
EndProject
Project("{9A19103F-16F7-4668-BE54-9A1E7A4F7556}") = "Domain.Repositories", "Domain.Repositories\Domain.Repositories.csproj", "{EA2EA2E9-1BA9-493A-92F5-A98CA52392CA}"
EndProject
Project("{9A19103F-16F7-4668-BE54-9A1E7A4F7556}") = "Persistence.Infrastructure", "Persistence.Infrastructure\Persistence.Infrastructure.csproj", "{5A44769E-523A-4411-B615-4D3B3807C3D9}"
EndProject
Project("{9A19103F-16F7-4668-BE54-9A1E7A4F7556}") = "Persistence.Concrete.MongoDB", "Persistence.Concrete.MongoDB\Persistence.Concrete.MongoDB.csproj", "{98CFF3AF-CD76-4C18-B2E5-E3188EF052FB}"
EndProject
Project("{9A19103F-16F7-4668-BE54-9A1E7A4F7556}") = "Domain.UseCases", "Domain.UseCases\Domain.UseCases.csproj", "{A107562E-C064-4968-96E4-41120BC81414}"
EndProject
Project("{9A19103F-16F7-4668-BE54-9A1E7A4F7556}") = "Runtime.Common", "Runtime.Common\Runtime.Common.csproj", "{66602F3C-CCB6-4C7B-80F8-2A2ECB974B28}"
EndProject
Project("{9A19103F-16F7-4668-BE54-9A1E7A4F7556}") = "Application.Web.MVC", "Application.Web.MVC\Application.Web.MVC.csproj", "{B6BD2F82-87CB-4997-9553-E63753374CBE}"
EndProject
Global
	GlobalSection(SolutionConfigurationPlatforms) = preSolution
		Debug|Any CPU = Debug|Any CPU
		Release|Any CPU = Release|Any CPU
	EndGlobalSection
	GlobalSection(ProjectConfigurationPlatforms) = postSolution
		{FEA6D5F2-35F1-493E-964F-7A6142C7CE0A}.Debug|Any CPU.ActiveCfg = Debug|Any CPU
		{FEA6D5F2-35F1-493E-964F-7A6142C7CE0A}.Debug|Any CPU.Build.0 = Debug|Any CPU
		{FEA6D5F2-35F1-493E-964F-7A6142C7CE0A}.Release|Any CPU.ActiveCfg = Release|Any CPU
		{FEA6D5F2-35F1-493E-964F-7A6142C7CE0A}.Release|Any CPU.Build.0 = Release|Any CPU
		{EA2EA2E9-1BA9-493A-92F5-A98CA52392CA}.Debug|Any CPU.ActiveCfg = Debug|Any CPU
		{EA2EA2E9-1BA9-493A-92F5-A98CA52392CA}.Debug|Any CPU.Build.0 = Debug|Any CPU
		{EA2EA2E9-1BA9-493A-92F5-A98CA52392CA}.Release|Any CPU.ActiveCfg = Release|Any CPU
		{EA2EA2E9-1BA9-493A-92F5-A98CA52392CA}.Release|Any CPU.Build.0 = Release|Any CPU
		{5A44769E-523A-4411-B615-4D3B3807C3D9}.Debug|Any CPU.ActiveCfg = Debug|Any CPU
		{5A44769E-523A-4411-B615-4D3B3807C3D9}.Debug|Any CPU.Build.0 = Debug|Any CPU
		{5A44769E-523A-4411-B615-4D3B3807C3D9}.Release|Any CPU.ActiveCfg = Release|Any CPU
		{5A44769E-523A-4411-B615-4D3B3807C3D9}.Release|Any CPU.Build.0 = Release|Any CPU
		{98CFF3AF-CD76-4C18-B2E5-E3188EF052FB}.Debug|Any CPU.ActiveCfg = Debug|Any CPU
		{98CFF3AF-CD76-4C18-B2E5-E3188EF052FB}.Debug|Any CPU.Build.0 = Debug|Any CPU
		{98CFF3AF-CD76-4C18-B2E5-E3188EF052FB}.Release|Any CPU.ActiveCfg = Release|Any CPU
		{98CFF3AF-CD76-4C18-B2E5-E3188EF052FB}.Release|Any CPU.Build.0 = Release|Any CPU
		{A107562E-C064-4968-96E4-41120BC81414}.Debug|Any CPU.ActiveCfg = Debug|Any CPU
		{A107562E-C064-4968-96E4-41120BC81414}.Debug|Any CPU.Build.0 = Debug|Any CPU
		{A107562E-C064-4968-96E4-41120BC81414}.Release|Any CPU.ActiveCfg = Release|Any CPU
		{A107562E-C064-4968-96E4-41120BC81414}.Release|Any CPU.Build.0 = Release|Any CPU
		{66602F3C-CCB6-4C7B-80F8-2A2ECB974B28}.Debug|Any CPU.ActiveCfg = Debug|Any CPU
		{66602F3C-CCB6-4C7B-80F8-2A2ECB974B28}.Debug|Any CPU.Build.0 = Debug|Any CPU
		{66602F3C-CCB6-4C7B-80F8-2A2ECB974B28}.Release|Any CPU.ActiveCfg = Release|Any CPU
		{66602F3C-CCB6-4C7B-80F8-2A2ECB974B28}.Release|Any CPU.Build.0 = Release|Any CPU
		{B6BD2F82-87CB-4997-9553-E63753374CBE}.Debug|Any CPU.ActiveCfg = Debug|Any CPU
		{B6BD2F82-87CB-4997-9553-E63753374CBE}.Debug|Any CPU.Build.0 = Debug|Any CPU
		{B6BD2F82-87CB-4997-9553-E63753374CBE}.Release|Any CPU.ActiveCfg = Release|Any CPU
		{B6BD2F82-87CB-4997-9553-E63753374CBE}.Release|Any CPU.Build.0 = Release|Any CPU
	EndGlobalSection
	GlobalSection(SolutionProperties) = preSolution
		HideSolutionNode = FALSE
	EndGlobalSection
	GlobalSection(ExtensibilityGlobals) = postSolution
		SolutionGuid = {FA151507-8A60-4D4D-AB8A-7FB0B3F98689}
	EndGlobalSection
EndGlobal
